devDependencies:
  '@assemblyscript/loader': 0.18.14
  assemblyscript: 0.18.14
lockfileVersion: 5.2
packages:
  /@assemblyscript/loader/0.18.14:
    dev: true
    resolution:
      integrity: sha512-UkXt+t67VC/GPmtvng1lL23Yk2B1nffwyzCao1Q/DMdVlQCbVCCb/9b9eiGff1F+VbFU8JadD5eTbGnPu8aNXA==
  /assemblyscript/0.18.14:
    dependencies:
      binaryen: 100.0.0
      long: 4.0.0
    dev: true
    hasBin: true
    resolution:
      integrity: sha512-HdWn1iUoMc3U2PT6wFA4dvU0tGrWJSNVfQwOoNjEVxhMIOVsFP6h2K/We6Cp332XctZHVRXeiEDj8ih3KJAe4g==
  /binaryen/100.0.0:
    dev: true
    hasBin: true
    resolution:
      integrity: sha512-nxOt8d8/VXAuSVEtAWUdKrqpqCy365QqD223EzzB1GzS5himiZAfM/R5lXx+M/5q8TB8cYp3tYxv5rTjNTJveQ==
  /long/4.0.0:
    dev: true
    resolution:
      integrity: sha512-XsP+KhQif4bjX1kbuSiySJFNAehNxgLb6hPRGJ9QsUr8ajHkuXGdrHmFUTUUXhDwVX2R5bY4JNZEwbUiMhV+MA==
specifiers:
  '@assemblyscript/loader': ^0.18.14
  assemblyscript: ^0.18.14
